
Microsoft Visual Studio Solution File, Format Version 12.00
# Visual Studio Version 17
VisualStudioVersion = 17.9.34723.18
MinimumVisualStudioVersion = 10.0.40219.1
Project("{FAE04EC0-301F-11D3-BF4B-00C04F79EFBC}") = "Labb3-API", "Labb3-API\Labb3-API.csproj", "{41731163-DA2E-4C54-87A2-EF9375EFEDCA}"
EndProject
Global
	GlobalSection(SolutionConfigurationPlatforms) = preSolution
		Debug|Any CPU = Debug|Any CPU
		Release|Any CPU = Release|Any CPU
	EndGlobalSection
	GlobalSection(ProjectConfigurationPlatforms) = postSolution
		{41731163-DA2E-4C54-87A2-EF9375EFEDCA}.Debug|Any CPU.ActiveCfg = Debug|Any CPU
		{41731163-DA2E-4C54-87A2-EF9375EFEDCA}.Debug|Any CPU.Build.0 = Debug|Any CPU
		{41731163-DA2E-4C54-87A2-EF9375EFEDCA}.Release|Any CPU.ActiveCfg = Release|Any CPU
		{41731163-DA2E-4C54-87A2-EF9375EFEDCA}.Release|Any CPU.Build.0 = Release|Any CPU
	EndGlobalSection
	GlobalSection(SolutionProperties) = preSolution
		HideSolutionNode = FALSE
	EndGlobalSection
	GlobalSection(ExtensibilityGlobals) = postSolution
		SolutionGuid = {2D5A20D2-ACBA-4423-80C7-F919F4C79E32}
	EndGlobalSection
EndGlobal
